// !$*UTF8*$!
{
	archiveVersion = 1;
	classes = {
	};
	objectVersion = 56;
	objects = {

/* Begin PBXBuildFile section */
		9DBE76A229D897B000507ECE /* AlpacaNoteStorage.docc in Sources */ = {isa = PBXBuildFile; fileRef = 9DBE76A129D897B000507ECE /* AlpacaNoteStorage.docc */; };
		9DBE76A829D897B000507ECE /* AlpacaNoteStorage.framework in Frameworks */ = {isa = PBXBuildFile; fileRef = 9DBE769D29D897B000507ECE /* AlpacaNoteStorage.framework */; };
		9DBE76AE29D897B000507ECE /* AlpacaNoteStorage.h in Headers */ = {isa = PBXBuildFile; fileRef = 9DBE76A029D897B000507ECE /* AlpacaNoteStorage.h */; settings = {ATTRIBUTES = (Public, ); }; };
		9DBE76C029D897D000507ECE /* CoreDataHelpers.swift in Sources */ = {isa = PBXBuildFile; fileRef = 9DBE76B829D897D000507ECE /* CoreDataHelpers.swift */; };
		9DBE76C229D897D000507ECE /* CoreDataNoteStorage.swift in Sources */ = {isa = PBXBuildFile; fileRef = 9DBE76BA29D897D000507ECE /* CoreDataNoteStorage.swift */; };
		9DBE76C329D897D000507ECE /* NoteCache.swift in Sources */ = {isa = PBXBuildFile; fileRef = 9DBE76BB29D897D000507ECE /* NoteCache.swift */; };
		9DBE76C429D897D000507ECE /* AlpacaNoteCoreDataModel.xcdatamodeld in Sources */ = {isa = PBXBuildFile; fileRef = 9DBE76BC29D897D000507ECE /* AlpacaNoteCoreDataModel.xcdatamodeld */; };
		9DBE76C629D897E700507ECE /* CoreDataNoteStorageTests.swift in Sources */ = {isa = PBXBuildFile; fileRef = 9DBE76BF29D897D000507ECE /* CoreDataNoteStorageTests.swift */; };
		9DBE76CB29D8990D00507ECE /* XCTestCase+NoteStorage.swift in Sources */ = {isa = PBXBuildFile; fileRef = 9DBE76C929D8990D00507ECE /* XCTestCase+NoteStorage.swift */; };
		9DBE76CC29D8990D00507ECE /* NoteStorageSpecs.swift in Sources */ = {isa = PBXBuildFile; fileRef = 9DBE76CA29D8990D00507ECE /* NoteStorageSpecs.swift */; };
		9DBE76CF29D899E900507ECE /* AlpacaNoteFramework.framework in Frameworks */ = {isa = PBXBuildFile; fileRef = 9DBE76CE29D899E900507ECE /* AlpacaNoteFramework.framework */; };
		9DBE76D029D899E900507ECE /* AlpacaNoteFramework.framework in Embed Frameworks */ = {isa = PBXBuildFile; fileRef = 9DBE76CE29D899E900507ECE /* AlpacaNoteFramework.framework */; settings = {ATTRIBUTES = (CodeSignOnCopy, RemoveHeadersOnCopy, ); }; };
/* End PBXBuildFile section */

/* Begin PBXContainerItemProxy section */
		9DBE76A929D897B000507ECE /* PBXContainerItemProxy */ = {
			isa = PBXContainerItemProxy;
			containerPortal = 9DBE769429D897B000507ECE /* Project object */;
			proxyType = 1;
			remoteGlobalIDString = 9DBE769C29D897B000507ECE;
			remoteInfo = AlpacaNoteStorage;
		};
/* End PBXContainerItemProxy section */

/* Begin PBXCopyFilesBuildPhase section */
		9DBE76D129D899E900507ECE /* Embed Frameworks */ = {
			isa = PBXCopyFilesBuildPhase;
			buildActionMask = 2147483647;
			dstPath = "";
			dstSubfolderSpec = 10;
			files = (
				9DBE76D029D899E900507ECE /* AlpacaNoteFramework.framework in Embed Frameworks */,
			);
			name = "Embed Frameworks";
			runOnlyForDeploymentPostprocessing = 0;
		};
/* End PBXCopyFilesBuildPhase section */

/* Begin PBXFileReference section */
		9DBE769D29D897B000507ECE /* AlpacaNoteStorage.framework */ = {isa = PBXFileReference; explicitFileType = wrapper.framework; includeInIndex = 0; path = AlpacaNoteStorage.framework; sourceTree = BUILT_PRODUCTS_DIR; };
		9DBE76A029D897B000507ECE /* AlpacaNoteStorage.h */ = {isa = PBXFileReference; lastKnownFileType = sourcecode.c.h; path = AlpacaNoteStorage.h; sourceTree = "<group>"; };
		9DBE76A129D897B000507ECE /* AlpacaNoteStorage.docc */ = {isa = PBXFileReference; lastKnownFileType = folder.documentationcatalog; path = AlpacaNoteStorage.docc; sourceTree = "<group>"; };
		9DBE76A729D897B000507ECE /* AlpacaNoteStorageTests.xctest */ = {isa = PBXFileReference; explicitFileType = wrapper.cfbundle; includeInIndex = 0; path = AlpacaNoteStorageTests.xctest; sourceTree = BUILT_PRODUCTS_DIR; };
		9DBE76B829D897D000507ECE /* CoreDataHelpers.swift */ = {isa = PBXFileReference; fileEncoding = 4; lastKnownFileType = sourcecode.swift; path = CoreDataHelpers.swift; sourceTree = "<group>"; };
		9DBE76BA29D897D000507ECE /* CoreDataNoteStorage.swift */ = {isa = PBXFileReference; fileEncoding = 4; lastKnownFileType = sourcecode.swift; path = CoreDataNoteStorage.swift; sourceTree = "<group>"; };
		9DBE76BB29D897D000507ECE /* NoteCache.swift */ = {isa = PBXFileReference; fileEncoding = 4; lastKnownFileType = sourcecode.swift; path = NoteCache.swift; sourceTree = "<group>"; };
		9DBE76BD29D897D000507ECE /* AlpacaNoteCoreDataModel.xcdatamodel */ = {isa = PBXFileReference; lastKnownFileType = wrapper.xcdatamodel; path = AlpacaNoteCoreDataModel.xcdatamodel; sourceTree = "<group>"; };
		9DBE76BF29D897D000507ECE /* CoreDataNoteStorageTests.swift */ = {isa = PBXFileReference; fileEncoding = 4; lastKnownFileType = sourcecode.swift; path = CoreDataNoteStorageTests.swift; sourceTree = "<group>"; };
		9DBE76C929D8990D00507ECE /* XCTestCase+NoteStorage.swift */ = {isa = PBXFileReference; fileEncoding = 4; lastKnownFileType = sourcecode.swift; path = "XCTestCase+NoteStorage.swift"; sourceTree = "<group>"; };
		9DBE76CA29D8990D00507ECE /* NoteStorageSpecs.swift */ = {isa = PBXFileReference; fileEncoding = 4; lastKnownFileType = sourcecode.swift; path = NoteStorageSpecs.swift; sourceTree = "<group>"; };
		9DBE76CE29D899E900507ECE /* AlpacaNoteFramework.framework */ = {isa = PBXFileReference; explicitFileType = wrapper.framework; path = AlpacaNoteFramework.framework; sourceTree = BUILT_PRODUCTS_DIR; };
/* End PBXFileReference section */

/* Begin PBXFrameworksBuildPhase section */
		9DBE769A29D897B000507ECE /* Frameworks */ = {
			isa = PBXFrameworksBuildPhase;
			buildActionMask = 2147483647;
			files = (
				9DBE76CF29D899E900507ECE /* AlpacaNoteFramework.framework in Frameworks */,
			);
			runOnlyForDeploymentPostprocessing = 0;
		};
		9DBE76A429D897B000507ECE /* Frameworks */ = {
			isa = PBXFrameworksBuildPhase;
			buildActionMask = 2147483647;
			files = (
				9DBE76A829D897B000507ECE /* AlpacaNoteStorage.framework in Frameworks */,
			);
			runOnlyForDeploymentPostprocessing = 0;
		};
/* End PBXFrameworksBuildPhase section */

/* Begin PBXGroup section */
		9DBE769329D897B000507ECE = {
			isa = PBXGroup;
			children = (
				9DBE76C729D8984200507ECE /* AlpacaNoteStorage */,
				9DBE76AB29D897B000507ECE /* AlpacaNoteStorageTests */,
				9DBE769E29D897B000507ECE /* Products */,
				9DBE76CD29D899E900507ECE /* Frameworks */,
			);
			sourceTree = "<group>";
		};
		9DBE769E29D897B000507ECE /* Products */ = {
			isa = PBXGroup;
			children = (
				9DBE769D29D897B000507ECE /* AlpacaNoteStorage.framework */,
				9DBE76A729D897B000507ECE /* AlpacaNoteStorageTests.xctest */,
			);
			name = Products;
			sourceTree = "<group>";
		};
		9DBE76AB29D897B000507ECE /* AlpacaNoteStorageTests */ = {
			isa = PBXGroup;
			children = (
				9DBE76CA29D8990D00507ECE /* NoteStorageSpecs.swift */,
				9DBE76C929D8990D00507ECE /* XCTestCase+NoteStorage.swift */,
				9DBE76C829D8985900507ECE /* AlpacaNoteCoreData */,
			);
			path = AlpacaNoteStorageTests;
			sourceTree = "<group>";
		};
		9DBE76B729D897D000507ECE /* AlpacaNoteCoreData */ = {
			isa = PBXGroup;
			children = (
				9DBE76B829D897D000507ECE /* CoreDataHelpers.swift */,
				9DBE76BA29D897D000507ECE /* CoreDataNoteStorage.swift */,
				9DBE76BB29D897D000507ECE /* NoteCache.swift */,
				9DBE76BC29D897D000507ECE /* AlpacaNoteCoreDataModel.xcdatamodeld */,
			);
			path = AlpacaNoteCoreData;
			sourceTree = "<group>";
		};
		9DBE76C729D8984200507ECE /* AlpacaNoteStorage */ = {
			isa = PBXGroup;
			children = (
				9DBE76B729D897D000507ECE /* AlpacaNoteCoreData */,
				9DBE76A029D897B000507ECE /* AlpacaNoteStorage.h */,
				9DBE76A129D897B000507ECE /* AlpacaNoteStorage.docc */,
			);
			path = AlpacaNoteStorage;
			sourceTree = "<group>";
		};
		9DBE76C829D8985900507ECE /* AlpacaNoteCoreData */ = {
			isa = PBXGroup;
			children = (
				9DBE76BF29D897D000507ECE /* CoreDataNoteStorageTests.swift */,
			);
			path = AlpacaNoteCoreData;
			sourceTree = "<group>";
		};
		9DBE76CD29D899E900507ECE /* Frameworks */ = {
			isa = PBXGroup;
			children = (
				9DBE76CE29D899E900507ECE /* AlpacaNoteFramework.framework */,
			);
			name = Frameworks;
			sourceTree = "<group>";
		};
/* End PBXGroup section */

/* Begin PBXHeadersBuildPhase section */
		9DBE769829D897B000507ECE /* Headers */ = {
			isa = PBXHeadersBuildPhase;
			buildActionMask = 2147483647;
			files = (
				9DBE76AE29D897B000507ECE /* AlpacaNoteStorage.h in Headers */,
			);
			runOnlyForDeploymentPostprocessing = 0;
		};
/* End PBXHeadersBuildPhase section */

/* Begin PBXNativeTarget section */
		9DBE769C29D897B000507ECE /* AlpacaNoteStorage */ = {
			isa = PBXNativeTarget;
			buildConfigurationList = 9DBE76B129D897B000507ECE /* Build configuration list for PBXNativeTarget "AlpacaNoteStorage" */;
			buildPhases = (
				9DBE769829D897B000507ECE /* Headers */,
				9DBE769929D897B000507ECE /* Sources */,
				9DBE769A29D897B000507ECE /* Frameworks */,
				9DBE769B29D897B000507ECE /* Resources */,
				9DBE76D129D899E900507ECE /* Embed Frameworks */,
			);
			buildRules = (
			);
			dependencies = (
			);
			name = AlpacaNoteStorage;
			productName = AlpacaNoteStorage;
			productReference = 9DBE769D29D897B000507ECE /* AlpacaNoteStorage.framework */;
			productType = "com.apple.product-type.framework";
		};
		9DBE76A629D897B000507ECE /* AlpacaNoteStorageTests */ = {
			isa = PBXNativeTarget;
			buildConfigurationList = 9DBE76B429D897B000507ECE /* Build configuration list for PBXNativeTarget "AlpacaNoteStorageTests" */;
			buildPhases = (
				9DBE76A329D897B000507ECE /* Sources */,
				9DBE76A429D897B000507ECE /* Frameworks */,
				9DBE76A529D897B000507ECE /* Resources */,
			);
			buildRules = (
			);
			dependencies = (
				9DBE76AA29D897B000507ECE /* PBXTargetDependency */,
			);
			name = AlpacaNoteStorageTests;
			productName = AlpacaNoteStorageTests;
			productReference = 9DBE76A729D897B000507ECE /* AlpacaNoteStorageTests.xctest */;
			productType = "com.apple.product-type.bundle.unit-test";
		};
/* End PBXNativeTarget section */

/* Begin PBXProject section */
		9DBE769429D897B000507ECE /* Project object */ = {
			isa = PBXProject;
			attributes = {
				BuildIndependentTargetsInParallel = 1;
				LastSwiftUpdateCheck = 1410;
				LastUpgradeCheck = 1410;
				TargetAttributes = {
					9DBE769C29D897B000507ECE = {
						CreatedOnToolsVersion = 14.1;
					};
					9DBE76A629D897B000507ECE = {
						CreatedOnToolsVersion = 14.1;
					};
				};
			};
			buildConfigurationList = 9DBE769729D897B000507ECE /* Build configuration list for PBXProject "AlpacaNoteStorage" */;
			compatibilityVersion = "Xcode 14.0";
			developmentRegion = en;
			hasScannedForEncodings = 0;
			knownRegions = (
				en,
				Base,
			);
			mainGroup = 9DBE769329D897B000507ECE;
			productRefGroup = 9DBE769E29D897B000507ECE /* Products */;
			projectDirPath = "";
			projectRoot = "";
			targets = (
				9DBE769C29D897B000507ECE /* AlpacaNoteStorage */,
				9DBE76A629D897B000507ECE /* AlpacaNoteStorageTests */,
			);
		};
/* End PBXProject section */

/* Begin PBXResourcesBuildPhase section */
		9DBE769B29D897B000507ECE /* Resources */ = {
			isa = PBXResourcesBuildPhase;
			buildActionMask = 2147483647;
			files = (
			);
			runOnlyForDeploymentPostprocessing = 0;
		};
		9DBE76A529D897B000507ECE /* Resources */ = {
			isa = PBXResourcesBuildPhase;
			buildActionMask = 2147483647;
			files = (
			);
			runOnlyForDeploymentPostprocessing = 0;
		};
/* End PBXResourcesBuildPhase section */

/* Begin PBXSourcesBuildPhase section */
		9DBE769929D897B000507ECE /* Sources */ = {
			isa = PBXSourcesBuildPhase;
			buildActionMask = 2147483647;
			files = (
				9DBE76C429D897D000507ECE /* AlpacaNoteCoreDataModel.xcdatamodeld in Sources */,
				9DBE76C029D897D000507ECE /* CoreDataHelpers.swift in Sources */,
				9DBE76C329D897D000507ECE /* NoteCache.swift in Sources */,
				9DBE76C229D897D000507ECE /* CoreDataNoteStorage.swift in Sources */,
				9DBE76A229D897B000507ECE /* AlpacaNoteStorage.docc in Sources */,
			);
			runOnlyForDeploymentPostprocessing = 0;
		};
		9DBE76A329D897B000507ECE /* Sources */ = {
			isa = PBXSourcesBuildPhase;
			buildActionMask = 2147483647;
			files = (
				9DBE76CB29D8990D00507ECE /* XCTestCase+NoteStorage.swift in Sources */,
				9DBE76CC29D8990D00507ECE /* NoteStorageSpecs.swift in Sources */,
				9DBE76C629D897E700507ECE /* CoreDataNoteStorageTests.swift in Sources */,
			);
			runOnlyForDeploymentPostprocessing = 0;
		};
/* End PBXSourcesBuildPhase section */

/* Begin PBXTargetDependency section */
		9DBE76AA29D897B000507ECE /* PBXTargetDependency */ = {
			isa = PBXTargetDependency;
			target = 9DBE769C29D897B000507ECE /* AlpacaNoteStorage */;
			targetProxy = 9DBE76A929D897B000507ECE /* PBXContainerItemProxy */;
		};
/* End PBXTargetDependency section */

/* Begin XCBuildConfiguration section */
		9DBE76AF29D897B000507ECE /* Debug */ = {
			isa = XCBuildConfiguration;
			buildSettings = {
				ALWAYS_SEARCH_USER_PATHS = NO;
				CLANG_ANALYZER_NONNULL = YES;
				CLANG_ANALYZER_NUMBER_OBJECT_CONVERSION = YES_AGGRESSIVE;
				CLANG_CXX_LANGUAGE_STANDARD = "gnu++20";
				CLANG_ENABLE_MODULES = YES;
				CLANG_ENABLE_OBJC_ARC = YES;
				CLANG_ENABLE_OBJC_WEAK = YES;
				CLANG_WARN_BLOCK_CAPTURE_AUTORELEASING = YES;
				CLANG_WARN_BOOL_CONVERSION = YES;
				CLANG_WARN_COMMA = YES;
				CLANG_WARN_CONSTANT_CONVERSION = YES;
				CLANG_WARN_DEPRECATED_OBJC_IMPLEMENTATIONS = YES;
				CLANG_WARN_DIRECT_OBJC_ISA_USAGE = YES_ERROR;
				CLANG_WARN_DOCUMENTATION_COMMENTS = YES;
				CLANG_WARN_EMPTY_BODY = YES;
				CLANG_WARN_ENUM_CONVERSION = YES;
				CLANG_WARN_INFINITE_RECURSION = YES;
				CLANG_WARN_INT_CONVERSION = YES;
				CLANG_WARN_NON_LITERAL_NULL_CONVERSION = YES;
				CLANG_WARN_OBJC_IMPLICIT_RETAIN_SELF = YES;
				CLANG_WARN_OBJC_LITERAL_CONVERSION = YES;
				CLANG_WARN_OBJC_ROOT_CLASS = YES_ERROR;
				CLANG_WARN_QUOTED_INCLUDE_IN_FRAMEWORK_HEADER = YES;
				CLANG_WARN_RANGE_LOOP_ANALYSIS = YES;
				CLANG_WARN_STRICT_PROTOTYPES = YES;
				CLANG_WARN_SUSPICIOUS_MOVE = YES;
				CLANG_WARN_UNGUARDED_AVAILABILITY = YES_AGGRESSIVE;
				CLANG_WARN_UNREACHABLE_CODE = YES;
				CLANG_WARN__DUPLICATE_METHOD_MATCH = YES;
				COPY_PHASE_STRIP = NO;
				CURRENT_PROJECT_VERSION = 1;
				DEBUG_INFORMATION_FORMAT = dwarf;
				ENABLE_STRICT_OBJC_MSGSEND = YES;
				ENABLE_TESTABILITY = YES;
				GCC_C_LANGUAGE_STANDARD = gnu11;
				GCC_DYNAMIC_NO_PIC = NO;
				GCC_NO_COMMON_BLOCKS = YES;
				GCC_OPTIMIZATION_LEVEL = 0;
				GCC_PREPROCESSOR_DEFINITIONS = (
					"DEBUG=1",
					"$(inherited)",
				);
				GCC_WARN_64_TO_32_BIT_CONVERSION = YES;
				GCC_WARN_ABOUT_RETURN_TYPE = YES_ERROR;
				GCC_WARN_UNDECLARED_SELECTOR = YES;
				GCC_WARN_UNINITIALIZED_AUTOS = YES_AGGRESSIVE;
				GCC_WARN_UNUSED_FUNCTION = YES;
				GCC_WARN_UNUSED_VARIABLE = YES;
				MTL_ENABLE_DEBUG_INFO = INCLUDE_SOURCE;
				MTL_FAST_MATH = YES;
				ONLY_ACTIVE_ARCH = YES;
				SWIFT_ACTIVE_COMPILATION_CONDITIONS = DEBUG;
				SWIFT_OPTIMIZATION_LEVEL = "-Onone";
				VERSIONING_SYSTEM = "apple-generic";
				VERSION_INFO_PREFIX = "";
			};
			name = Debug;
		};
		9DBE76B029D897B000507ECE /* Release */ = {
			isa = XCBuildConfiguration;
			buildSettings = {
				ALWAYS_SEARCH_USER_PATHS = NO;
				CLANG_ANALYZER_NONNULL = YES;
				CLANG_ANALYZER_NUMBER_OBJECT_CONVERSION = YES_AGGRESSIVE;
				CLANG_CXX_LANGUAGE_STANDARD = "gnu++20";
				CLANG_ENABLE_MODULES = YES;
				CLANG_ENABLE_OBJC_ARC = YES;
				CLANG_ENABLE_OBJC_WEAK = YES;
				CLANG_WARN_BLOCK_CAPTURE_AUTORELEASING = YES;
				CLANG_WARN_BOOL_CONVERSION = YES;
				CLANG_WARN_COMMA = YES;
				CLANG_WARN_CONSTANT_CONVERSION = YES;
				CLANG_WARN_DEPRECATED_OBJC_IMPLEMENTATIONS = YES;
				CLANG_WARN_DIRECT_OBJC_ISA_USAGE = YES_ERROR;
				CLANG_WARN_DOCUMENTATION_COMMENTS = YES;
				CLANG_WARN_EMPTY_BODY = YES;
				CLANG_WARN_ENUM_CONVERSION = YES;
				CLANG_WARN_INFINITE_RECURSION = YES;
				CLANG_WARN_INT_CONVERSION = YES;
				CLANG_WARN_NON_LITERAL_NULL_CONVERSION = YES;
				CLANG_WARN_OBJC_IMPLICIT_RETAIN_SELF = YES;
				CLANG_WARN_OBJC_LITERAL_CONVERSION = YES;
				CLANG_WARN_OBJC_ROOT_CLASS = YES_ERROR;
				CLANG_WARN_QUOTED_INCLUDE_IN_FRAMEWORK_HEADER = YES;
				CLANG_WARN_RANGE_LOOP_ANALYSIS = YES;
				CLANG_WARN_STRICT_PROTOTYPES = YES;
				CLANG_WARN_SUSPICIOUS_MOVE = YES;
				CLANG_WARN_UNGUARDED_AVAILABILITY = YES_AGGRESSIVE;
				CLANG_WARN_UNREACHABLE_CODE = YES;
				CLANG_WARN__DUPLICATE_METHOD_MATCH = YES;
				COPY_PHASE_STRIP = NO;
				CURRENT_PROJECT_VERSION = 1;
				DEBUG_INFORMATION_FORMAT = "dwarf-with-dsym";
				ENABLE_NS_ASSERTIONS = NO;
				ENABLE_STRICT_OBJC_MSGSEND = YES;
				GCC_C_LANGUAGE_STANDARD = gnu11;
				GCC_NO_COMMON_BLOCKS = YES;
				GCC_WARN_64_TO_32_BIT_CONVERSION = YES;
				GCC_WARN_ABOUT_RETURN_TYPE = YES_ERROR;
				GCC_WARN_UNDECLARED_SELECTOR = YES;
				GCC_WARN_UNINITIALIZED_AUTOS = YES_AGGRESSIVE;
				GCC_WARN_UNUSED_FUNCTION = YES;
				GCC_WARN_UNUSED_VARIABLE = YES;
				MTL_ENABLE_DEBUG_INFO = NO;
				MTL_FAST_MATH = YES;
				SWIFT_COMPILATION_MODE = wholemodule;
				SWIFT_OPTIMIZATION_LEVEL = "-O";
				VERSIONING_SYSTEM = "apple-generic";
				VERSION_INFO_PREFIX = "";
			};
			name = Release;
		};
		9DBE76B229D897B000507ECE /* Debug */ = {
			isa = XCBuildConfiguration;
			buildSettings = {
				CODE_SIGN_STYLE = Automatic;
				CURRENT_PROJECT_VERSION = 1;
				DEFINES_MODULE = YES;
				DYLIB_COMPATIBILITY_VERSION = 1;
				DYLIB_CURRENT_VERSION = 1;
				DYLIB_INSTALL_NAME_BASE = "@rpath";
				GENERATE_INFOPLIST_FILE = YES;
				INFOPLIST_KEY_NSHumanReadableCopyright = "";
				INSTALL_PATH = "$(LOCAL_LIBRARY_DIR)/Frameworks";
				IPHONEOS_DEPLOYMENT_TARGET = 15.0;
				LD_RUNPATH_SEARCH_PATHS = (
					"@executable_path/Frameworks",
					"@loader_path/Frameworks",
				);
				"LD_RUNPATH_SEARCH_PATHS[sdk=macosx*]" = (
					"@executable_path/../Frameworks",
					"@loader_path/Frameworks",
				);
				MACOSX_DEPLOYMENT_TARGET = 12.0;
				MARKETING_VERSION = 1.0;
				PRODUCT_BUNDLE_IDENTIFIER = com.alpacanote.AlpacaNoteStorage;
				PRODUCT_NAME = "$(TARGET_NAME:c99extidentifier)";
				SDKROOT = auto;
				SKIP_INSTALL = YES;
				SUPPORTED_PLATFORMS = "iphoneos iphonesimulator macosx";
				SWIFT_EMIT_LOC_STRINGS = YES;
				SWIFT_VERSION = 5.0;
				TARGETED_DEVICE_FAMILY = "1,2";
			};
			name = Debug;
		};
		9DBE76B329D897B000507ECE /* Release */ = {
			isa = XCBuildConfiguration;
			buildSettings = {
				CODE_SIGN_STYLE = Automatic;
				CURRENT_PROJECT_VERSION = 1;
				DEFINES_MODULE = YES;
				DYLIB_COMPATIBILITY_VERSION = 1;
				DYLIB_CURRENT_VERSION = 1;
				DYLIB_INSTALL_NAME_BASE = "@rpath";
				GENERATE_INFOPLIST_FILE = YES;
				INFOPLIST_KEY_NSHumanReadableCopyright = "";
				INSTALL_PATH = "$(LOCAL_LIBRARY_DIR)/Frameworks";
				IPHONEOS_DEPLOYMENT_TARGET = 15.0;
				LD_RUNPATH_SEARCH_PATHS = (
					"@executable_path/Frameworks",
					"@loader_path/Frameworks",
				);
				"LD_RUNPATH_SEARCH_PATHS[sdk=macosx*]" = (
					"@executable_path/../Frameworks",
					"@loader_path/Frameworks",
				);
				MACOSX_DEPLOYMENT_TARGET = 12.0;
				MARKETING_VERSION = 1.0;
				PRODUCT_BUNDLE_IDENTIFIER = com.alpacanote.AlpacaNoteStorage;
				PRODUCT_NAME = "$(TARGET_NAME:c99extidentifier)";
				SDKROOT = auto;
				SKIP_INSTALL = YES;
				SUPPORTED_PLATFORMS = "iphoneos iphonesimulator macosx";
				SWIFT_EMIT_LOC_STRINGS = YES;
				SWIFT_VERSION = 5.0;
				TARGETED_DEVICE_FAMILY = "1,2";
			};
			name = Release;
		};
		9DBE76B529D897B000507ECE /* Debug */ = {
			isa = XCBuildConfiguration;
			buildSettings = {
				ALWAYS_EMBED_SWIFT_STANDARD_LIBRARIES = YES;
				CODE_SIGN_STYLE = Automatic;
				CURRENT_PROJECT_VERSION = 1;
				GENERATE_INFOPLIST_FILE = YES;
				IPHONEOS_DEPLOYMENT_TARGET = 16.1;
				MACOSX_DEPLOYMENT_TARGET = 13.0;
				MARKETING_VERSION = 1.0;
				PRODUCT_BUNDLE_IDENTIFIER = com.alpacanote.AlpacaNoteStorageTests;
				PRODUCT_NAME = "$(TARGET_NAME)";
				SDKROOT = auto;
				SUPPORTED_PLATFORMS = "iphoneos iphonesimulator macosx";
				SWIFT_EMIT_LOC_STRINGS = NO;
				SWIFT_VERSION = 5.0;
				TARGETED_DEVICE_FAMILY = "1,2";
			};
			name = Debug;
		};
		9DBE76B629D897B000507ECE /* Release */ = {
			isa = XCBuildConfiguration;
			buildSettings = {
				ALWAYS_EMBED_SWIFT_STANDARD_LIBRARIES = YES;
				CODE_SIGN_STYLE = Automatic;
				CURRENT_PROJECT_VERSION = 1;
				GENERATE_INFOPLIST_FILE = YES;
				IPHONEOS_DEPLOYMENT_TARGET = 16.1;
				MACOSX_DEPLOYMENT_TARGET = 13.0;
				MARKETING_VERSION = 1.0;
				PRODUCT_BUNDLE_IDENTIFIER = com.alpacanote.AlpacaNoteStorageTests;
				PRODUCT_NAME = "$(TARGET_NAME)";
				SDKROOT = auto;
				SUPPORTED_PLATFORMS = "iphoneos iphonesimulator macosx";
				SWIFT_EMIT_LOC_STRINGS = NO;
				SWIFT_VERSION = 5.0;
				TARGETED_DEVICE_FAMILY = "1,2";
			};
			name = Release;
		};
/* End XCBuildConfiguration section */

/* Begin XCConfigurationList section */
		9DBE769729D897B000507ECE /* Build configuration list for PBXProject "AlpacaNoteStorage" */ = {
			isa = XCConfigurationList;
			buildConfigurations = (
				9DBE76AF29D897B000507ECE /* Debug */,
				9DBE76B029D897B000507ECE /* Release */,
			);
			defaultConfigurationIsVisible = 0;
			defaultConfigurationName = Release;
		};
		9DBE76B129D897B000507ECE /* Build configuration list for PBXNativeTarget "AlpacaNoteStorage" */ = {
			isa = XCConfigurationList;
			buildConfigurations = (
				9DBE76B229D897B000507ECE /* Debug */,
				9DBE76B329D897B000507ECE /* Release */,
			);
			defaultConfigurationIsVisible = 0;
			defaultConfigurationName = Release;
		};
		9DBE76B429D897B000507ECE /* Build configuration list for PBXNativeTarget "AlpacaNoteStorageTests" */ = {
			isa = XCConfigurationList;
			buildConfigurations = (
				9DBE76B529D897B000507ECE /* Debug */,
				9DBE76B629D897B000507ECE /* Release */,
			);
			defaultConfigurationIsVisible = 0;
			defaultConfigurationName = Release;
		};
/* End XCConfigurationList section */

/* Begin XCVersionGroup section */
		9DBE76BC29D897D000507ECE /* AlpacaNoteCoreDataModel.xcdatamodeld */ = {
			isa = XCVersionGroup;
			children = (
				9DBE76BD29D897D000507ECE /* AlpacaNoteCoreDataModel.xcdatamodel */,
			);
			currentVersion = 9DBE76BD29D897D000507ECE /* AlpacaNoteCoreDataModel.xcdatamodel */;
			path = AlpacaNoteCoreDataModel.xcdatamodeld;
			sourceTree = "<group>";
			versionGroupType = wrapper.xcdatamodel;
		};
/* End XCVersionGroup section */
	};
	rootObject = 9DBE769429D897B000507ECE /* Project object */;
}
