// !$*UTF8*$!
{
	archiveVersion = 1;
	classes = {
	};
	objectVersion = 56;
	objects = {

/* Begin PBXBuildFile section */
		9D4D8298295009FE005426B9 /* LaunchScreen.storyboard in Resources */ = {isa = PBXBuildFile; fileRef = 9D4D8297295009FE005426B9 /* LaunchScreen.storyboard */; };
		9D878E1E29418E9300D5DAD3 /* AlpacaNoteFramework.framework in Frameworks */ = {isa = PBXBuildFile; fileRef = 9D878E1D29418E9300D5DAD3 /* AlpacaNoteFramework.framework */; };
		9D878E1F29418E9300D5DAD3 /* AlpacaNoteFramework.framework in Embed Frameworks */ = {isa = PBXBuildFile; fileRef = 9D878E1D29418E9300D5DAD3 /* AlpacaNoteFramework.framework */; settings = {ATTRIBUTES = (CodeSignOnCopy, RemoveHeadersOnCopy, ); }; };
		9DAC1654292F02EE0093520F /* AlpacaNoteApp.swift in Sources */ = {isa = PBXBuildFile; fileRef = 9DAC1653292F02EE0093520F /* AlpacaNoteApp.swift */; };
		9DAC1656292F02EE0093520F /* ContentView.swift in Sources */ = {isa = PBXBuildFile; fileRef = 9DAC1655292F02EE0093520F /* ContentView.swift */; };
		9DAC1658292F02EF0093520F /* Assets.xcassets in Resources */ = {isa = PBXBuildFile; fileRef = 9DAC1657292F02EF0093520F /* Assets.xcassets */; };
		9DAC165C292F02EF0093520F /* Preview Assets.xcassets in Resources */ = {isa = PBXBuildFile; fileRef = 9DAC165B292F02EF0093520F /* Preview Assets.xcassets */; };
		9DAC1670292F02EF0093520F /* AlpacaNoteUITests.swift in Sources */ = {isa = PBXBuildFile; fileRef = 9DAC166F292F02EF0093520F /* AlpacaNoteUITests.swift */; };
		9DAC1672292F02EF0093520F /* AlpacaNoteUITestsLaunchTests.swift in Sources */ = {isa = PBXBuildFile; fileRef = 9DAC1671292F02EF0093520F /* AlpacaNoteUITestsLaunchTests.swift */; };
/* End PBXBuildFile section */

/* Begin PBXContainerItemProxy section */
		9DAC1662292F02EF0093520F /* PBXContainerItemProxy */ = {
			isa = PBXContainerItemProxy;
			containerPortal = 9DAC1648292F02EE0093520F /* Project object */;
			proxyType = 1;
			remoteGlobalIDString = 9DAC164F292F02EE0093520F;
			remoteInfo = AlpacaNote;
		};
		9DAC166C292F02EF0093520F /* PBXContainerItemProxy */ = {
			isa = PBXContainerItemProxy;
			containerPortal = 9DAC1648292F02EE0093520F /* Project object */;
			proxyType = 1;
			remoteGlobalIDString = 9DAC164F292F02EE0093520F;
			remoteInfo = AlpacaNote;
		};
/* End PBXContainerItemProxy section */

/* Begin PBXCopyFilesBuildPhase section */
		9D878E2029418E9300D5DAD3 /* Embed Frameworks */ = {
			isa = PBXCopyFilesBuildPhase;
			buildActionMask = 2147483647;
			dstPath = "";
			dstSubfolderSpec = 10;
			files = (
				9D878E1F29418E9300D5DAD3 /* AlpacaNoteFramework.framework in Embed Frameworks */,
			);
			name = "Embed Frameworks";
			runOnlyForDeploymentPostprocessing = 0;
		};
/* End PBXCopyFilesBuildPhase section */

/* Begin PBXFileReference section */
		9D4D8297295009FE005426B9 /* LaunchScreen.storyboard */ = {isa = PBXFileReference; lastKnownFileType = file.storyboard; path = LaunchScreen.storyboard; sourceTree = "<group>"; };
		9D878E1D29418E9300D5DAD3 /* AlpacaNoteFramework.framework */ = {isa = PBXFileReference; explicitFileType = wrapper.framework; path = AlpacaNoteFramework.framework; sourceTree = BUILT_PRODUCTS_DIR; };
		9DAC1650292F02EE0093520F /* AlpacaNote.app */ = {isa = PBXFileReference; explicitFileType = wrapper.application; includeInIndex = 0; path = AlpacaNote.app; sourceTree = BUILT_PRODUCTS_DIR; };
		9DAC1653292F02EE0093520F /* AlpacaNoteApp.swift */ = {isa = PBXFileReference; lastKnownFileType = sourcecode.swift; path = AlpacaNoteApp.swift; sourceTree = "<group>"; };
		9DAC1655292F02EE0093520F /* ContentView.swift */ = {isa = PBXFileReference; lastKnownFileType = sourcecode.swift; path = ContentView.swift; sourceTree = "<group>"; };
		9DAC1657292F02EF0093520F /* Assets.xcassets */ = {isa = PBXFileReference; lastKnownFileType = folder.assetcatalog; path = Assets.xcassets; sourceTree = "<group>"; };
		9DAC1659292F02EF0093520F /* AlpacaNote.entitlements */ = {isa = PBXFileReference; lastKnownFileType = text.plist.entitlements; path = AlpacaNote.entitlements; sourceTree = "<group>"; };
		9DAC165B292F02EF0093520F /* Preview Assets.xcassets */ = {isa = PBXFileReference; lastKnownFileType = folder.assetcatalog; path = "Preview Assets.xcassets"; sourceTree = "<group>"; };
		9DAC1661292F02EF0093520F /* AlpacaNoteTests.xctest */ = {isa = PBXFileReference; explicitFileType = wrapper.cfbundle; includeInIndex = 0; path = AlpacaNoteTests.xctest; sourceTree = BUILT_PRODUCTS_DIR; };
		9DAC166B292F02EF0093520F /* AlpacaNoteUITests.xctest */ = {isa = PBXFileReference; explicitFileType = wrapper.cfbundle; includeInIndex = 0; path = AlpacaNoteUITests.xctest; sourceTree = BUILT_PRODUCTS_DIR; };
		9DAC166F292F02EF0093520F /* AlpacaNoteUITests.swift */ = {isa = PBXFileReference; lastKnownFileType = sourcecode.swift; path = AlpacaNoteUITests.swift; sourceTree = "<group>"; };
		9DAC1671292F02EF0093520F /* AlpacaNoteUITestsLaunchTests.swift */ = {isa = PBXFileReference; lastKnownFileType = sourcecode.swift; path = AlpacaNoteUITestsLaunchTests.swift; sourceTree = "<group>"; };
/* End PBXFileReference section */

/* Begin PBXFrameworksBuildPhase section */
		9DAC164D292F02EE0093520F /* Frameworks */ = {
			isa = PBXFrameworksBuildPhase;
			buildActionMask = 2147483647;
			files = (
				9D878E1E29418E9300D5DAD3 /* AlpacaNoteFramework.framework in Frameworks */,
			);
			runOnlyForDeploymentPostprocessing = 0;
		};
		9DAC165E292F02EF0093520F /* Frameworks */ = {
			isa = PBXFrameworksBuildPhase;
			buildActionMask = 2147483647;
			files = (
			);
			runOnlyForDeploymentPostprocessing = 0;
		};
		9DAC1668292F02EF0093520F /* Frameworks */ = {
			isa = PBXFrameworksBuildPhase;
			buildActionMask = 2147483647;
			files = (
			);
			runOnlyForDeploymentPostprocessing = 0;
		};
/* End PBXFrameworksBuildPhase section */

/* Begin PBXGroup section */
		9D878E1C29418E9300D5DAD3 /* Frameworks */ = {
			isa = PBXGroup;
			children = (
				9D878E1D29418E9300D5DAD3 /* AlpacaNoteFramework.framework */,
			);
			name = Frameworks;
			sourceTree = "<group>";
		};
		9DAC1647292F02EE0093520F = {
			isa = PBXGroup;
			children = (
				9DAC1652292F02EE0093520F /* AlpacaNote */,
				9DAC166E292F02EF0093520F /* AlpacaNoteUITests */,
				9DAC1651292F02EE0093520F /* Products */,
				9D878E1C29418E9300D5DAD3 /* Frameworks */,
			);
			sourceTree = "<group>";
		};
		9DAC1651292F02EE0093520F /* Products */ = {
			isa = PBXGroup;
			children = (
				9DAC1650292F02EE0093520F /* AlpacaNote.app */,
				9DAC1661292F02EF0093520F /* AlpacaNoteTests.xctest */,
				9DAC166B292F02EF0093520F /* AlpacaNoteUITests.xctest */,
			);
			name = Products;
			sourceTree = "<group>";
		};
		9DAC1652292F02EE0093520F /* AlpacaNote */ = {
			isa = PBXGroup;
			children = (
				9DAC1653292F02EE0093520F /* AlpacaNoteApp.swift */,
				9DAC1655292F02EE0093520F /* ContentView.swift */,
				9DAC1657292F02EF0093520F /* Assets.xcassets */,
				9DAC1659292F02EF0093520F /* AlpacaNote.entitlements */,
				9DAC165A292F02EF0093520F /* Preview Content */,
				9D4D8297295009FE005426B9 /* LaunchScreen.storyboard */,
			);
			path = AlpacaNote;
			sourceTree = "<group>";
		};
		9DAC165A292F02EF0093520F /* Preview Content */ = {
			isa = PBXGroup;
			children = (
				9DAC165B292F02EF0093520F /* Preview Assets.xcassets */,
			);
			path = "Preview Content";
			sourceTree = "<group>";
		};
		9DAC166E292F02EF0093520F /* AlpacaNoteUITests */ = {
			isa = PBXGroup;
			children = (
				9DAC166F292F02EF0093520F /* AlpacaNoteUITests.swift */,
				9DAC1671292F02EF0093520F /* AlpacaNoteUITestsLaunchTests.swift */,
			);
			path = AlpacaNoteUITests;
			sourceTree = "<group>";
		};
/* End PBXGroup section */

/* Begin PBXNativeTarget section */
		9DAC164F292F02EE0093520F /* AlpacaNote */ = {
			isa = PBXNativeTarget;
			buildConfigurationList = 9DAC1675292F02EF0093520F /* Build configuration list for PBXNativeTarget "AlpacaNote" */;
			buildPhases = (
				9DAC164C292F02EE0093520F /* Sources */,
				9DAC164D292F02EE0093520F /* Frameworks */,
				9DAC164E292F02EE0093520F /* Resources */,
				9D878E2029418E9300D5DAD3 /* Embed Frameworks */,
			);
			buildRules = (
			);
			dependencies = (
			);
			name = AlpacaNote;
			productName = AlpacaNote;
			productReference = 9DAC1650292F02EE0093520F /* AlpacaNote.app */;
			productType = "com.apple.product-type.application";
		};
		9DAC1660292F02EF0093520F /* AlpacaNoteTests */ = {
			isa = PBXNativeTarget;
			buildConfigurationList = 9DAC1678292F02EF0093520F /* Build configuration list for PBXNativeTarget "AlpacaNoteTests" */;
			buildPhases = (
				9DAC165D292F02EF0093520F /* Sources */,
				9DAC165E292F02EF0093520F /* Frameworks */,
				9DAC165F292F02EF0093520F /* Resources */,
			);
			buildRules = (
			);
			dependencies = (
				9DAC1663292F02EF0093520F /* PBXTargetDependency */,
			);
			name = AlpacaNoteTests;
			productName = AlpacaNoteTests;
			productReference = 9DAC1661292F02EF0093520F /* AlpacaNoteTests.xctest */;
			productType = "com.apple.product-type.bundle.unit-test";
		};
		9DAC166A292F02EF0093520F /* AlpacaNoteUITests */ = {
			isa = PBXNativeTarget;
			buildConfigurationList = 9DAC167B292F02EF0093520F /* Build configuration list for PBXNativeTarget "AlpacaNoteUITests" */;
			buildPhases = (
				9DAC1667292F02EF0093520F /* Sources */,
				9DAC1668292F02EF0093520F /* Frameworks */,
				9DAC1669292F02EF0093520F /* Resources */,
			);
			buildRules = (
			);
			dependencies = (
				9DAC166D292F02EF0093520F /* PBXTargetDependency */,
			);
			name = AlpacaNoteUITests;
			productName = AlpacaNoteUITests;
			productReference = 9DAC166B292F02EF0093520F /* AlpacaNoteUITests.xctest */;
			productType = "com.apple.product-type.bundle.ui-testing";
		};
/* End PBXNativeTarget section */

/* Begin PBXProject section */
		9DAC1648292F02EE0093520F /* Project object */ = {
			isa = PBXProject;
			attributes = {
				BuildIndependentTargetsInParallel = 1;
				LastSwiftUpdateCheck = 1410;
				LastUpgradeCheck = 1410;
				TargetAttributes = {
					9DAC164F292F02EE0093520F = {
						CreatedOnToolsVersion = 14.1;
					};
					9DAC1660292F02EF0093520F = {
						CreatedOnToolsVersion = 14.1;
						TestTargetID = 9DAC164F292F02EE0093520F;
					};
					9DAC166A292F02EF0093520F = {
						CreatedOnToolsVersion = 14.1;
						TestTargetID = 9DAC164F292F02EE0093520F;
					};
				};
			};
			buildConfigurationList = 9DAC164B292F02EE0093520F /* Build configuration list for PBXProject "AlpacaNote" */;
			compatibilityVersion = "Xcode 14.0";
			developmentRegion = en;
			hasScannedForEncodings = 0;
			knownRegions = (
				en,
				Base,
			);
			mainGroup = 9DAC1647292F02EE0093520F;
			productRefGroup = 9DAC1651292F02EE0093520F /* Products */;
			projectDirPath = "";
			projectRoot = "";
			targets = (
				9DAC164F292F02EE0093520F /* AlpacaNote */,
				9DAC1660292F02EF0093520F /* AlpacaNoteTests */,
				9DAC166A292F02EF0093520F /* AlpacaNoteUITests */,
			);
		};
/* End PBXProject section */

/* Begin PBXResourcesBuildPhase section */
		9DAC164E292F02EE0093520F /* Resources */ = {
			isa = PBXResourcesBuildPhase;
			buildActionMask = 2147483647;
			files = (
				9D4D8298295009FE005426B9 /* LaunchScreen.storyboard in Resources */,
				9DAC165C292F02EF0093520F /* Preview Assets.xcassets in Resources */,
				9DAC1658292F02EF0093520F /* Assets.xcassets in Resources */,
			);
			runOnlyForDeploymentPostprocessing = 0;
		};
		9DAC165F292F02EF0093520F /* Resources */ = {
			isa = PBXResourcesBuildPhase;
			buildActionMask = 2147483647;
			files = (
			);
			runOnlyForDeploymentPostprocessing = 0;
		};
		9DAC1669292F02EF0093520F /* Resources */ = {
			isa = PBXResourcesBuildPhase;
			buildActionMask = 2147483647;
			files = (
			);
			runOnlyForDeploymentPostprocessing = 0;
		};
/* End PBXResourcesBuildPhase section */

/* Begin PBXSourcesBuildPhase section */
		9DAC164C292F02EE0093520F /* Sources */ = {
			isa = PBXSourcesBuildPhase;
			buildActionMask = 2147483647;
			files = (
				9DAC1656292F02EE0093520F /* ContentView.swift in Sources */,
				9DAC1654292F02EE0093520F /* AlpacaNoteApp.swift in Sources */,
			);
			runOnlyForDeploymentPostprocessing = 0;
		};
		9DAC165D292F02EF0093520F /* Sources */ = {
			isa = PBXSourcesBuildPhase;
			buildActionMask = 2147483647;
			files = (
			);
			runOnlyForDeploymentPostprocessing = 0;
		};
		9DAC1667292F02EF0093520F /* Sources */ = {
			isa = PBXSourcesBuildPhase;
			buildActionMask = 2147483647;
			files = (
				9DAC1672292F02EF0093520F /* AlpacaNoteUITestsLaunchTests.swift in Sources */,
				9DAC1670292F02EF0093520F /* AlpacaNoteUITests.swift in Sources */,
			);
			runOnlyForDeploymentPostprocessing = 0;
		};
/* End PBXSourcesBuildPhase section */

/* Begin PBXTargetDependency section */
		9DAC1663292F02EF0093520F /* PBXTargetDependency */ = {
			isa = PBXTargetDependency;
			target = 9DAC164F292F02EE0093520F /* AlpacaNote */;
			targetProxy = 9DAC1662292F02EF0093520F /* PBXContainerItemProxy */;
		};
		9DAC166D292F02EF0093520F /* PBXTargetDependency */ = {
			isa = PBXTargetDependency;
			target = 9DAC164F292F02EE0093520F /* AlpacaNote */;
			targetProxy = 9DAC166C292F02EF0093520F /* PBXContainerItemProxy */;
		};
/* End PBXTargetDependency section */

/* Begin XCBuildConfiguration section */
		9DAC1673292F02EF0093520F /* Debug */ = {
			isa = XCBuildConfiguration;
			buildSettings = {
				ALWAYS_SEARCH_USER_PATHS = NO;
				CLANG_ANALYZER_NONNULL = YES;
				CLANG_ANALYZER_NUMBER_OBJECT_CONVERSION = YES_AGGRESSIVE;
				CLANG_CXX_LANGUAGE_STANDARD = "gnu++20";
				CLANG_ENABLE_MODULES = YES;
				CLANG_ENABLE_OBJC_ARC = YES;
				CLANG_ENABLE_OBJC_WEAK = YES;
				CLANG_WARN_BLOCK_CAPTURE_AUTORELEASING = YES;
				CLANG_WARN_BOOL_CONVERSION = YES;
				CLANG_WARN_COMMA = YES;
				CLANG_WARN_CONSTANT_CONVERSION = YES;
				CLANG_WARN_DEPRECATED_OBJC_IMPLEMENTATIONS = YES;
				CLANG_WARN_DIRECT_OBJC_ISA_USAGE = YES_ERROR;
				CLANG_WARN_DOCUMENTATION_COMMENTS = YES;
				CLANG_WARN_EMPTY_BODY = YES;
				CLANG_WARN_ENUM_CONVERSION = YES;
				CLANG_WARN_INFINITE_RECURSION = YES;
				CLANG_WARN_INT_CONVERSION = YES;
				CLANG_WARN_NON_LITERAL_NULL_CONVERSION = YES;
				CLANG_WARN_OBJC_IMPLICIT_RETAIN_SELF = YES;
				CLANG_WARN_OBJC_LITERAL_CONVERSION = YES;
				CLANG_WARN_OBJC_ROOT_CLASS = YES_ERROR;
				CLANG_WARN_QUOTED_INCLUDE_IN_FRAMEWORK_HEADER = YES;
				CLANG_WARN_RANGE_LOOP_ANALYSIS = YES;
				CLANG_WARN_STRICT_PROTOTYPES = YES;
				CLANG_WARN_SUSPICIOUS_MOVE = YES;
				CLANG_WARN_UNGUARDED_AVAILABILITY = YES_AGGRESSIVE;
				CLANG_WARN_UNREACHABLE_CODE = YES;
				CLANG_WARN__DUPLICATE_METHOD_MATCH = YES;
				COPY_PHASE_STRIP = NO;
				DEBUG_INFORMATION_FORMAT = dwarf;
				ENABLE_STRICT_OBJC_MSGSEND = YES;
				ENABLE_TESTABILITY = YES;
				GCC_C_LANGUAGE_STANDARD = gnu11;
				GCC_DYNAMIC_NO_PIC = NO;
				GCC_NO_COMMON_BLOCKS = YES;
				GCC_OPTIMIZATION_LEVEL = 0;
				GCC_PREPROCESSOR_DEFINITIONS = (
					"DEBUG=1",
					"$(inherited)",
				);
				GCC_WARN_64_TO_32_BIT_CONVERSION = YES;
				GCC_WARN_ABOUT_RETURN_TYPE = YES_ERROR;
				GCC_WARN_UNDECLARED_SELECTOR = YES;
				GCC_WARN_UNINITIALIZED_AUTOS = YES_AGGRESSIVE;
				GCC_WARN_UNUSED_FUNCTION = YES;
				GCC_WARN_UNUSED_VARIABLE = YES;
				MTL_ENABLE_DEBUG_INFO = INCLUDE_SOURCE;
				MTL_FAST_MATH = YES;
				ONLY_ACTIVE_ARCH = YES;
				SWIFT_ACTIVE_COMPILATION_CONDITIONS = DEBUG;
				SWIFT_OPTIMIZATION_LEVEL = "-Onone";
			};
			name = Debug;
		};
		9DAC1674292F02EF0093520F /* Release */ = {
			isa = XCBuildConfiguration;
			buildSettings = {
				ALWAYS_SEARCH_USER_PATHS = NO;
				CLANG_ANALYZER_NONNULL = YES;
				CLANG_ANALYZER_NUMBER_OBJECT_CONVERSION = YES_AGGRESSIVE;
				CLANG_CXX_LANGUAGE_STANDARD = "gnu++20";
				CLANG_ENABLE_MODULES = YES;
				CLANG_ENABLE_OBJC_ARC = YES;
				CLANG_ENABLE_OBJC_WEAK = YES;
				CLANG_WARN_BLOCK_CAPTURE_AUTORELEASING = YES;
				CLANG_WARN_BOOL_CONVERSION = YES;
				CLANG_WARN_COMMA = YES;
				CLANG_WARN_CONSTANT_CONVERSION = YES;
				CLANG_WARN_DEPRECATED_OBJC_IMPLEMENTATIONS = YES;
				CLANG_WARN_DIRECT_OBJC_ISA_USAGE = YES_ERROR;
				CLANG_WARN_DOCUMENTATION_COMMENTS = YES;
				CLANG_WARN_EMPTY_BODY = YES;
				CLANG_WARN_ENUM_CONVERSION = YES;
				CLANG_WARN_INFINITE_RECURSION = YES;
				CLANG_WARN_INT_CONVERSION = YES;
				CLANG_WARN_NON_LITERAL_NULL_CONVERSION = YES;
				CLANG_WARN_OBJC_IMPLICIT_RETAIN_SELF = YES;
				CLANG_WARN_OBJC_LITERAL_CONVERSION = YES;
				CLANG_WARN_OBJC_ROOT_CLASS = YES_ERROR;
				CLANG_WARN_QUOTED_INCLUDE_IN_FRAMEWORK_HEADER = YES;
				CLANG_WARN_RANGE_LOOP_ANALYSIS = YES;
				CLANG_WARN_STRICT_PROTOTYPES = YES;
				CLANG_WARN_SUSPICIOUS_MOVE = YES;
				CLANG_WARN_UNGUARDED_AVAILABILITY = YES_AGGRESSIVE;
				CLANG_WARN_UNREACHABLE_CODE = YES;
				CLANG_WARN__DUPLICATE_METHOD_MATCH = YES;
				COPY_PHASE_STRIP = NO;
				DEBUG_INFORMATION_FORMAT = "dwarf-with-dsym";
				ENABLE_NS_ASSERTIONS = NO;
				ENABLE_STRICT_OBJC_MSGSEND = YES;
				GCC_C_LANGUAGE_STANDARD = gnu11;
				GCC_NO_COMMON_BLOCKS = YES;
				GCC_WARN_64_TO_32_BIT_CONVERSION = YES;
				GCC_WARN_ABOUT_RETURN_TYPE = YES_ERROR;
				GCC_WARN_UNDECLARED_SELECTOR = YES;
				GCC_WARN_UNINITIALIZED_AUTOS = YES_AGGRESSIVE;
				GCC_WARN_UNUSED_FUNCTION = YES;
				GCC_WARN_UNUSED_VARIABLE = YES;
				MTL_ENABLE_DEBUG_INFO = NO;
				MTL_FAST_MATH = YES;
				SWIFT_COMPILATION_MODE = wholemodule;
				SWIFT_OPTIMIZATION_LEVEL = "-O";
			};
			name = Release;
		};
		9DAC1676292F02EF0093520F /* Debug */ = {
			isa = XCBuildConfiguration;
			buildSettings = {
				ASSETCATALOG_COMPILER_APPICON_NAME = AppIcon;
				ASSETCATALOG_COMPILER_GLOBAL_ACCENT_COLOR_NAME = AccentColor;
				CODE_SIGN_ENTITLEMENTS = AlpacaNote/AlpacaNote.entitlements;
				CODE_SIGN_STYLE = Automatic;
				CURRENT_PROJECT_VERSION = 1;
				DEVELOPMENT_ASSET_PATHS = "\"AlpacaNote/Preview Content\"";
				ENABLE_PREVIEWS = YES;
				GENERATE_INFOPLIST_FILE = YES;
				"INFOPLIST_KEY_UIApplicationSceneManifest_Generation[sdk=iphoneos*]" = YES;
				"INFOPLIST_KEY_UIApplicationSceneManifest_Generation[sdk=iphonesimulator*]" = YES;
				"INFOPLIST_KEY_UIApplicationSupportsIndirectInputEvents[sdk=iphoneos*]" = YES;
				"INFOPLIST_KEY_UIApplicationSupportsIndirectInputEvents[sdk=iphonesimulator*]" = YES;
				"INFOPLIST_KEY_UILaunchScreen_Generation[sdk=iphoneos*]" = YES;
				"INFOPLIST_KEY_UILaunchScreen_Generation[sdk=iphonesimulator*]" = YES;
				INFOPLIST_KEY_UILaunchStoryboardName = LaunchScreen.storyboard;
				"INFOPLIST_KEY_UIStatusBarStyle[sdk=iphoneos*]" = UIStatusBarStyleDefault;
				"INFOPLIST_KEY_UIStatusBarStyle[sdk=iphonesimulator*]" = UIStatusBarStyleDefault;
				INFOPLIST_KEY_UISupportedInterfaceOrientations_iPad = "UIInterfaceOrientationPortrait UIInterfaceOrientationPortraitUpsideDown UIInterfaceOrientationLandscapeLeft UIInterfaceOrientationLandscapeRight";
				INFOPLIST_KEY_UISupportedInterfaceOrientations_iPhone = "UIInterfaceOrientationPortrait UIInterfaceOrientationLandscapeLeft UIInterfaceOrientationLandscapeRight";
				IPHONEOS_DEPLOYMENT_TARGET = 16.1;
				LD_RUNPATH_SEARCH_PATHS = "@executable_path/Frameworks";
				"LD_RUNPATH_SEARCH_PATHS[sdk=macosx*]" = "@executable_path/../Frameworks";
				MACOSX_DEPLOYMENT_TARGET = 13.0;
				MARKETING_VERSION = 1.0;
				PRODUCT_BUNDLE_IDENTIFIER = com.alpacanote;
				PRODUCT_NAME = "$(TARGET_NAME)";
				SDKROOT = auto;
				SUPPORTED_PLATFORMS = "iphoneos iphonesimulator macosx";
				SWIFT_EMIT_LOC_STRINGS = YES;
				SWIFT_VERSION = 5.0;
				TARGETED_DEVICE_FAMILY = "1,2";
			};
			name = Debug;
		};
		9DAC1677292F02EF0093520F /* Release */ = {
			isa = XCBuildConfiguration;
			buildSettings = {
				ASSETCATALOG_COMPILER_APPICON_NAME = AppIcon;
				ASSETCATALOG_COMPILER_GLOBAL_ACCENT_COLOR_NAME = AccentColor;
				CODE_SIGN_ENTITLEMENTS = AlpacaNote/AlpacaNote.entitlements;
				CODE_SIGN_STYLE = Automatic;
				CURRENT_PROJECT_VERSION = 1;
				DEVELOPMENT_ASSET_PATHS = "\"AlpacaNote/Preview Content\"";
				ENABLE_PREVIEWS = YES;
				GENERATE_INFOPLIST_FILE = YES;
				"INFOPLIST_KEY_UIApplicationSceneManifest_Generation[sdk=iphoneos*]" = YES;
				"INFOPLIST_KEY_UIApplicationSceneManifest_Generation[sdk=iphonesimulator*]" = YES;
				"INFOPLIST_KEY_UIApplicationSupportsIndirectInputEvents[sdk=iphoneos*]" = YES;
				"INFOPLIST_KEY_UIApplicationSupportsIndirectInputEvents[sdk=iphonesimulator*]" = YES;
				"INFOPLIST_KEY_UILaunchScreen_Generation[sdk=iphoneos*]" = YES;
				"INFOPLIST_KEY_UILaunchScreen_Generation[sdk=iphonesimulator*]" = YES;
				INFOPLIST_KEY_UILaunchStoryboardName = LaunchScreen.storyboard;
				"INFOPLIST_KEY_UIStatusBarStyle[sdk=iphoneos*]" = UIStatusBarStyleDefault;
				"INFOPLIST_KEY_UIStatusBarStyle[sdk=iphonesimulator*]" = UIStatusBarStyleDefault;
				INFOPLIST_KEY_UISupportedInterfaceOrientations_iPad = "UIInterfaceOrientationPortrait UIInterfaceOrientationPortraitUpsideDown UIInterfaceOrientationLandscapeLeft UIInterfaceOrientationLandscapeRight";
				INFOPLIST_KEY_UISupportedInterfaceOrientations_iPhone = "UIInterfaceOrientationPortrait UIInterfaceOrientationLandscapeLeft UIInterfaceOrientationLandscapeRight";
				IPHONEOS_DEPLOYMENT_TARGET = 16.1;
				LD_RUNPATH_SEARCH_PATHS = "@executable_path/Frameworks";
				"LD_RUNPATH_SEARCH_PATHS[sdk=macosx*]" = "@executable_path/../Frameworks";
				MACOSX_DEPLOYMENT_TARGET = 13.0;
				MARKETING_VERSION = 1.0;
				PRODUCT_BUNDLE_IDENTIFIER = com.alpacanote;
				PRODUCT_NAME = "$(TARGET_NAME)";
				SDKROOT = auto;
				SUPPORTED_PLATFORMS = "iphoneos iphonesimulator macosx";
				SWIFT_EMIT_LOC_STRINGS = YES;
				SWIFT_VERSION = 5.0;
				TARGETED_DEVICE_FAMILY = "1,2";
			};
			name = Release;
		};
		9DAC1679292F02EF0093520F /* Debug */ = {
			isa = XCBuildConfiguration;
			buildSettings = {
				ALWAYS_EMBED_SWIFT_STANDARD_LIBRARIES = YES;
				BUNDLE_LOADER = "$(TEST_HOST)";
				CODE_SIGN_STYLE = Automatic;
				CURRENT_PROJECT_VERSION = 1;
				GENERATE_INFOPLIST_FILE = YES;
				IPHONEOS_DEPLOYMENT_TARGET = 16.1;
				MACOSX_DEPLOYMENT_TARGET = 13.0;
				MARKETING_VERSION = 1.0;
				PRODUCT_BUNDLE_IDENTIFIER = br.com.test.AlpacaNoteTests;
				PRODUCT_NAME = "$(TARGET_NAME)";
				SDKROOT = auto;
				SUPPORTED_PLATFORMS = "iphoneos iphonesimulator macosx";
				SWIFT_EMIT_LOC_STRINGS = NO;
				SWIFT_VERSION = 5.0;
				TARGETED_DEVICE_FAMILY = "1,2";
				TEST_HOST = "$(BUILT_PRODUCTS_DIR)/AlpacaNote.app/$(BUNDLE_EXECUTABLE_FOLDER_PATH)/AlpacaNote";
			};
			name = Debug;
		};
		9DAC167A292F02EF0093520F /* Release */ = {
			isa = XCBuildConfiguration;
			buildSettings = {
				ALWAYS_EMBED_SWIFT_STANDARD_LIBRARIES = YES;
				BUNDLE_LOADER = "$(TEST_HOST)";
				CODE_SIGN_STYLE = Automatic;
				CURRENT_PROJECT_VERSION = 1;
				GENERATE_INFOPLIST_FILE = YES;
				IPHONEOS_DEPLOYMENT_TARGET = 16.1;
				MACOSX_DEPLOYMENT_TARGET = 13.0;
				MARKETING_VERSION = 1.0;
				PRODUCT_BUNDLE_IDENTIFIER = br.com.test.AlpacaNoteTests;
				PRODUCT_NAME = "$(TARGET_NAME)";
				SDKROOT = auto;
				SUPPORTED_PLATFORMS = "iphoneos iphonesimulator macosx";
				SWIFT_EMIT_LOC_STRINGS = NO;
				SWIFT_VERSION = 5.0;
				TARGETED_DEVICE_FAMILY = "1,2";
				TEST_HOST = "$(BUILT_PRODUCTS_DIR)/AlpacaNote.app/$(BUNDLE_EXECUTABLE_FOLDER_PATH)/AlpacaNote";
			};
			name = Release;
		};
		9DAC167C292F02EF0093520F /* Debug */ = {
			isa = XCBuildConfiguration;
			buildSettings = {
				ALWAYS_EMBED_SWIFT_STANDARD_LIBRARIES = YES;
				CODE_SIGN_STYLE = Automatic;
				CURRENT_PROJECT_VERSION = 1;
				GENERATE_INFOPLIST_FILE = YES;
				IPHONEOS_DEPLOYMENT_TARGET = 16.1;
				MACOSX_DEPLOYMENT_TARGET = 13.0;
				MARKETING_VERSION = 1.0;
				PRODUCT_BUNDLE_IDENTIFIER = br.com.test.AlpacaNoteUITests;
				PRODUCT_NAME = "$(TARGET_NAME)";
				SDKROOT = auto;
				SUPPORTED_PLATFORMS = "iphoneos iphonesimulator macosx";
				SWIFT_EMIT_LOC_STRINGS = NO;
				SWIFT_VERSION = 5.0;
				TARGETED_DEVICE_FAMILY = "1,2";
				TEST_TARGET_NAME = AlpacaNote;
			};
			name = Debug;
		};
		9DAC167D292F02EF0093520F /* Release */ = {
			isa = XCBuildConfiguration;
			buildSettings = {
				ALWAYS_EMBED_SWIFT_STANDARD_LIBRARIES = YES;
				CODE_SIGN_STYLE = Automatic;
				CURRENT_PROJECT_VERSION = 1;
				GENERATE_INFOPLIST_FILE = YES;
				IPHONEOS_DEPLOYMENT_TARGET = 16.1;
				MACOSX_DEPLOYMENT_TARGET = 13.0;
				MARKETING_VERSION = 1.0;
				PRODUCT_BUNDLE_IDENTIFIER = br.com.test.AlpacaNoteUITests;
				PRODUCT_NAME = "$(TARGET_NAME)";
				SDKROOT = auto;
				SUPPORTED_PLATFORMS = "iphoneos iphonesimulator macosx";
				SWIFT_EMIT_LOC_STRINGS = NO;
				SWIFT_VERSION = 5.0;
				TARGETED_DEVICE_FAMILY = "1,2";
				TEST_TARGET_NAME = AlpacaNote;
			};
			name = Release;
		};
/* End XCBuildConfiguration section */

/* Begin XCConfigurationList section */
		9DAC164B292F02EE0093520F /* Build configuration list for PBXProject "AlpacaNote" */ = {
			isa = XCConfigurationList;
			buildConfigurations = (
				9DAC1673292F02EF0093520F /* Debug */,
				9DAC1674292F02EF0093520F /* Release */,
			);
			defaultConfigurationIsVisible = 0;
			defaultConfigurationName = Release;
		};
		9DAC1675292F02EF0093520F /* Build configuration list for PBXNativeTarget "AlpacaNote" */ = {
			isa = XCConfigurationList;
			buildConfigurations = (
				9DAC1676292F02EF0093520F /* Debug */,
				9DAC1677292F02EF0093520F /* Release */,
			);
			defaultConfigurationIsVisible = 0;
			defaultConfigurationName = Release;
		};
		9DAC1678292F02EF0093520F /* Build configuration list for PBXNativeTarget "AlpacaNoteTests" */ = {
			isa = XCConfigurationList;
			buildConfigurations = (
				9DAC1679292F02EF0093520F /* Debug */,
				9DAC167A292F02EF0093520F /* Release */,
			);
			defaultConfigurationIsVisible = 0;
			defaultConfigurationName = Release;
		};
		9DAC167B292F02EF0093520F /* Build configuration list for PBXNativeTarget "AlpacaNoteUITests" */ = {
			isa = XCConfigurationList;
			buildConfigurations = (
				9DAC167C292F02EF0093520F /* Debug */,
				9DAC167D292F02EF0093520F /* Release */,
			);
			defaultConfigurationIsVisible = 0;
			defaultConfigurationName = Release;
		};
/* End XCConfigurationList section */
	};
	rootObject = 9DAC1648292F02EE0093520F /* Project object */;
}
